
Microsoft Visual Studio Solution File, Format Version 11.00
# Visual Studio 2010
Project("{FAE04EC0-301F-11D3-BF4B-00C04F79EFBC}") = "StringKataTAZ", "StringKataTAZ.csproj", "{6DA3F34D-87D1-4D4A-9C00-03B5C3501331}"
EndProject
Global
	GlobalSection(SolutionConfigurationPlatforms) = preSolution
		Debug|x86 = Debug|x86
		Release|x86 = Release|x86
	EndGlobalSection
	GlobalSection(ProjectConfigurationPlatforms) = postSolution
		{6DA3F34D-87D1-4D4A-9C00-03B5C3501331}.Debug|x86.ActiveCfg = Debug|x86
		{6DA3F34D-87D1-4D4A-9C00-03B5C3501331}.Debug|x86.Build.0 = Debug|x86
		{6DA3F34D-87D1-4D4A-9C00-03B5C3501331}.Release|x86.ActiveCfg = Release|x86
		{6DA3F34D-87D1-4D4A-9C00-03B5C3501331}.Release|x86.Build.0 = Release|x86
	EndGlobalSection
	GlobalSection(SolutionProperties) = preSolution
		HideSolutionNode = FALSE
	EndGlobalSection
EndGlobal
